
Microsoft Visual Studio Solution File, Format Version 12.00
# Visual Studio Version 17
VisualStudioVersion = 17.11.35327.3
MinimumVisualStudioVersion = 10.0.40219.1
Project("{9A19103F-16F7-4668-BE54-9A1E7A4F7556}") = "Parking.Frontend", "Parking.Frontend.csproj", "{E50BE23A-A15E-47DF-9F45-2721FEF12357}"
EndProject
Global
	GlobalSection(SolutionConfigurationPlatforms) = preSolution
		Debug|Any CPU = Debug|Any CPU
		Release|Any CPU = Release|Any CPU
	EndGlobalSection
	GlobalSection(ProjectConfigurationPlatforms) = postSolution
		{E50BE23A-A15E-47DF-9F45-2721FEF12357}.Debug|Any CPU.ActiveCfg = Debug|Any CPU
		{E50BE23A-A15E-47DF-9F45-2721FEF12357}.Debug|Any CPU.Build.0 = Debug|Any CPU
		{E50BE23A-A15E-47DF-9F45-2721FEF12357}.Release|Any CPU.ActiveCfg = Release|Any CPU
		{E50BE23A-A15E-47DF-9F45-2721FEF12357}.Release|Any CPU.Build.0 = Release|Any CPU
	EndGlobalSection
	GlobalSection(SolutionProperties) = preSolution
		HideSolutionNode = FALSE
	EndGlobalSection
	GlobalSection(ExtensibilityGlobals) = postSolution
		SolutionGuid = {8B03D52F-3FB0-4BF1-B9A5-8F677E7AC331}
	EndGlobalSection
EndGlobal
